
Microsoft Visual Studio Solution File, Format Version 12.00
# Visual Studio Version 17
VisualStudioVersion = 17.5.33530.505
MinimumVisualStudioVersion = 10.0.40219.1
Project("{FAE04EC0-301F-11D3-BF4B-00C04F79EFBC}") = "NHLAnalyzer.Web", "NHLAnalyzer.Web\NHLAnalyzer.Web.csproj", "{EA320880-EEC9-4392-8945-EFB81A9E460A}"
EndProject
Project("{FAE04EC0-301F-11D3-BF4B-00C04F79EFBC}") = "NHLAnalyzer.Data", "NHLAnalyzer.Data\NHLAnalyzer.Data.csproj", "{7F0D9C0C-559A-413F-B5B3-75A012581FCC}"
EndProject
Project("{FAE04EC0-301F-11D3-BF4B-00C04F79EFBC}") = "NHLAnalyzer.Management", "NHLAnalyzer.Management\NHLAnalyzer.Management.csproj", "{9D4C2531-4068-4729-9D8C-5669139F1097}"
EndProject
Global
	GlobalSection(SolutionConfigurationPlatforms) = preSolution
		Debug|Any CPU = Debug|Any CPU
		Release|Any CPU = Release|Any CPU
	EndGlobalSection
	GlobalSection(ProjectConfigurationPlatforms) = postSolution
		{EA320880-EEC9-4392-8945-EFB81A9E460A}.Debug|Any CPU.ActiveCfg = Debug|Any CPU
		{EA320880-EEC9-4392-8945-EFB81A9E460A}.Debug|Any CPU.Build.0 = Debug|Any CPU
		{EA320880-EEC9-4392-8945-EFB81A9E460A}.Release|Any CPU.ActiveCfg = Release|Any CPU
		{EA320880-EEC9-4392-8945-EFB81A9E460A}.Release|Any CPU.Build.0 = Release|Any CPU
		{7F0D9C0C-559A-413F-B5B3-75A012581FCC}.Debug|Any CPU.ActiveCfg = Debug|Any CPU
		{7F0D9C0C-559A-413F-B5B3-75A012581FCC}.Debug|Any CPU.Build.0 = Debug|Any CPU
		{7F0D9C0C-559A-413F-B5B3-75A012581FCC}.Release|Any CPU.ActiveCfg = Release|Any CPU
		{7F0D9C0C-559A-413F-B5B3-75A012581FCC}.Release|Any CPU.Build.0 = Release|Any CPU
		{9D4C2531-4068-4729-9D8C-5669139F1097}.Debug|Any CPU.ActiveCfg = Debug|Any CPU
		{9D4C2531-4068-4729-9D8C-5669139F1097}.Debug|Any CPU.Build.0 = Debug|Any CPU
		{9D4C2531-4068-4729-9D8C-5669139F1097}.Release|Any CPU.ActiveCfg = Release|Any CPU
		{9D4C2531-4068-4729-9D8C-5669139F1097}.Release|Any CPU.Build.0 = Release|Any CPU
	EndGlobalSection
	GlobalSection(SolutionProperties) = preSolution
		HideSolutionNode = FALSE
	EndGlobalSection
	GlobalSection(ExtensibilityGlobals) = postSolution
		SolutionGuid = {BADF678D-1812-4D15-8337-4763CEDAD347}
	EndGlobalSection
EndGlobal
